
Microsoft Visual Studio Solution File, Format Version 12.00
# Visual Studio Version 16
VisualStudioVersion = 16.0.30413.136
MinimumVisualStudioVersion = 10.0.40219.1
Project("{FAE04EC0-301F-11D3-BF4B-00C04F79EFBC}") = "SecretSanta", "SecretSanta\SecretSanta.csproj", "{52EA6C09-C652-49FD-B31C-A8DB2E906EF2}"
EndProject
Global
	GlobalSection(SolutionConfigurationPlatforms) = preSolution
		Debug|Any CPU = Debug|Any CPU
		Release|Any CPU = Release|Any CPU
	EndGlobalSection
	GlobalSection(ProjectConfigurationPlatforms) = postSolution
		{52EA6C09-C652-49FD-B31C-A8DB2E906EF2}.Debug|Any CPU.ActiveCfg = Debug|Any CPU
		{52EA6C09-C652-49FD-B31C-A8DB2E906EF2}.Debug|Any CPU.Build.0 = Debug|Any CPU
		{52EA6C09-C652-49FD-B31C-A8DB2E906EF2}.Release|Any CPU.ActiveCfg = Release|Any CPU
		{52EA6C09-C652-49FD-B31C-A8DB2E906EF2}.Release|Any CPU.Build.0 = Release|Any CPU
	EndGlobalSection
	GlobalSection(SolutionProperties) = preSolution
		HideSolutionNode = FALSE
	EndGlobalSection
	GlobalSection(ExtensibilityGlobals) = postSolution
		SolutionGuid = {ED2D3E6F-5FD5-46BA-BDE3-33CBD732666F}
	EndGlobalSection
EndGlobal
